
Microsoft Visual Studio Solution File, Format Version 12.00
# Visual Studio Version 17
VisualStudioVersion = 17.8.34316.72
MinimumVisualStudioVersion = 10.0.40219.1
Project("{FAE04EC0-301F-11D3-BF4B-00C04F79EFBC}") = "BulkyWeb", "BulkyWeb\BulkyWeb.csproj", "{DC26FF2F-761C-4629-B7C0-4DC2ED4437B7}"
EndProject
Global
	GlobalSection(SolutionConfigurationPlatforms) = preSolution
		Debug|Any CPU = Debug|Any CPU
		Release|Any CPU = Release|Any CPU
	EndGlobalSection
	GlobalSection(ProjectConfigurationPlatforms) = postSolution
		{DC26FF2F-761C-4629-B7C0-4DC2ED4437B7}.Debug|Any CPU.ActiveCfg = Debug|Any CPU
		{DC26FF2F-761C-4629-B7C0-4DC2ED4437B7}.Debug|Any CPU.Build.0 = Debug|Any CPU
		{DC26FF2F-761C-4629-B7C0-4DC2ED4437B7}.Release|Any CPU.ActiveCfg = Release|Any CPU
		{DC26FF2F-761C-4629-B7C0-4DC2ED4437B7}.Release|Any CPU.Build.0 = Release|Any CPU
	EndGlobalSection
	GlobalSection(SolutionProperties) = preSolution
		HideSolutionNode = FALSE
	EndGlobalSection
	GlobalSection(ExtensibilityGlobals) = postSolution
		SolutionGuid = {F7864A69-3FDD-44C7-90A6-DBCA7938BBBB}
	EndGlobalSection
EndGlobal
